
Microsoft Visual Studio Solution File, Format Version 12.00
# Visual Studio Version 17
VisualStudioVersion = 17.5.33530.505
MinimumVisualStudioVersion = 10.0.40219.1
Project("{FAE04EC0-301F-11D3-BF4B-00C04F79EFBC}") = "StackAndQues", "StackAndQues\StackAndQues.csproj", "{A028D0A8-80A3-46DF-85BD-1835FE7ED943}"
EndProject
Global
	GlobalSection(SolutionConfigurationPlatforms) = preSolution
		Debug|Any CPU = Debug|Any CPU
		Release|Any CPU = Release|Any CPU
	EndGlobalSection
	GlobalSection(ProjectConfigurationPlatforms) = postSolution
		{A028D0A8-80A3-46DF-85BD-1835FE7ED943}.Debug|Any CPU.ActiveCfg = Debug|Any CPU
		{A028D0A8-80A3-46DF-85BD-1835FE7ED943}.Debug|Any CPU.Build.0 = Debug|Any CPU
		{A028D0A8-80A3-46DF-85BD-1835FE7ED943}.Release|Any CPU.ActiveCfg = Release|Any CPU
		{A028D0A8-80A3-46DF-85BD-1835FE7ED943}.Release|Any CPU.Build.0 = Release|Any CPU
	EndGlobalSection
	GlobalSection(SolutionProperties) = preSolution
		HideSolutionNode = FALSE
	EndGlobalSection
	GlobalSection(ExtensibilityGlobals) = postSolution
		SolutionGuid = {0D9BCDB5-7113-4FC5-B821-BA2D4288320D}
	EndGlobalSection
EndGlobal
